{
    "name": "arc2d",
    "version": "3.0.0",
    "lockfileVersion": 1,
    "requires": true,
    "dependencies": {
        "od-cocoon": {
            "version": "github:Nashorn/od-cocoon#3c228d4a0cd471d6fe2e821d3884786984f0f101",
            "from": "github:Nashorn/od-cocoon#3.0.0"
        },
        "od-paginator": {
            "version": "github:Nashorn/od-paginator#c94c9ea4e5dd5b41fc49e3f16a2dfbf27fdb981a",
            "from": "github:Nashorn/od-paginator#1.0.0"
        },
        "od-plopgen-templates": {
            "version": "github:Nashorn/od-plopgen-templates#652b03ffba0b70474d14d4649e2e02da155b3bfc",
            "from": "github:Nashorn/od-plopgen-templates#1.0.0",
            "optional": true
        },
        "od-seam": {
            "version": "github:Nashorn/od-seam#e253d853e59c2b76d0a2352a6f2044ee0d733858",
            "from": "github:Nashorn/od-seam#1.0.0",
            "optional": true
        },
        "od-server": {
            "version": "github:Nashorn/od-server#4f8f31ac09a8f98b27f4729c47baacd4f337b8b5",
            "from": "github:Nashorn/od-server#1.0.0",
            "optional": true
        },
        "od-toolset": {
            "version": "github:Nashorn/od-toolset#dbb972882ef67405babe8143c93b33f1965a1135",
            "from": "github:Nashorn/od-toolset#1.0.0",
            "optional": true
        }
    }
}
