{
    "name": "suncloud",
    "version": "1.0.0",
    "lockfileVersion": 1,
    "requires": true,
    "dependencies": {
        "od-autho": {
            "version": "github:Nashorn/od-autho#f2022483a50a8f27fbf261da63859413e81c9b98",
            "from": "github:Nashorn/od-autho#1.0.0"
        },
        "od-circular-buffer": {
            "version": "github:Nashorn/od-circular-buffer#5eadfb0b2d9cacd5a27a5202c417bdbb7b7aa75e",
            "from": "github:Nashorn/od-circular-buffer#1.0.0"
        },
        "od-cocoon": {
            "version": "github:Nashorn/od-cocoon#9927877ad1a0da33c1b04ed0e8f1a606c42f8d38",
            "from": "github:Nashorn/od-cocoon#3.0.3"
        },
        "od-cookies": {
            "version": "github:Nashorn/od-cookies#7cf97db8964a325ea753d75340ed500f2c41f01f",
            "from": "github:Nashorn/od-cookies#2.1.1"
        },
        "od-core-extensions": {
            "version": "github:Nashorn/od-core-extensions#42eb1415f6d20382959dd5b5d7035b90e416b434",
            "from": "github:Nashorn/od-core-extensions#1.2.4"
        },
        "od-event-bus": {
            "version": "github:Nashorn/od-event-bus#99f8f000caecba32488ab45cb7c94c86b450ed89",
            "from": "github:Nashorn/od-event-bus#1.0.0"
        },
        "od-interceptor": {
            "version": "github:Nashorn/od-interceptor#e8e3707a0bd4b407f3ac7d6ffd935cdc37671696",
            "from": "github:Nashorn/od-interceptor#1.0.6"
        },
        "od-math": {
            "version": "github:Nashorn/od-math#880cbe8359df4600361ab2e4513f475565e82ea9",
            "from": "github:Nashorn/od-math#1.4.0"
        },
        "od-mingo": {
            "version": "github:Nashorn/od-mingo#0085e3a01bf22da5c0e93945ef3dd187e3fb3beb",
            "from": "github:Nashorn/od-mingo#2.2.4"
        },
        "od-net-detect": {
            "version": "github:Nashorn/od-net-detect#aa8f04102d319d17b854a753fd7eb82f037ee396",
            "from": "github:Nashorn/od-net-detect#1.1.0"
        },
        "od-paginator": {
            "version": "github:Nashorn/od-paginator#13b4f235ce907786d50af568742d7779b58deb8e",
            "from": "github:Nashorn/od-paginator#1.0.5"
        },
        "od-rison": {
            "version": "github:Nashorn/od-rison#430a8e4a85e8fe7e9405808b7eb2738c366a15f0",
            "from": "github:Nashorn/od-rison#0.1.1"
        },
        "od-server": {
            "version": "github:Nashorn/od-server#977ed15b056a2f23b11e79567761324abfc78d53",
            "from": "github:Nashorn/od-server#1.0.0",
            "dev": true
        },
        "od-storagemanager": {
            "version": "github:Nashorn/od-storagemanager#88e4bd8b3fdff16687e9518c3cac7c8bf367477a",
            "from": "github:Nashorn/od-storagemanager#1.0.3"
        },
        "od-templating": {
            "version": "github:Nashorn/od-templating#41c1338fadcf4252a10411b8567642aa1479535d",
            "from": "github:Nashorn/od-templating#1.0.0"
        },
        "od-toolset": {
            "version": "github:Nashorn/od-toolset#bc6ee730d079f4cdb9ff5b693ad0944ff353f3a2",
            "from": "github:Nashorn/od-toolset#1.4.0",
            "dev": true
        },
        "od-user-agent": {
            "version": "github:Nashorn/od-user-agent#e6ec20ec12925aa4f64dbf619868222b6ebe4da5",
            "from": "github:Nashorn/od-user-agent#1.0.0"
        }
    }
}
