{
    "name": "arc2d",
    "version": "3.0.0",
    "lockfileVersion": 1,
    "requires": true,
    "dependencies": {
        "od-cocoon": {
            "version": "github:Nashorn/od-cocoon#281b4b9e61b8dbaf2c6d609f7114582fcedc8326",
            "from": "github:Nashorn/od-cocoon#3.0.0"
        },
        "od-core-extensions": {
            "version": "github:Nashorn/od-core-extensions#748c051e1c6103d16a276c190e10989aa90ee8df",
            "from": "github:Nashorn/od-core-extensions#1.0.0"
        },
        "od-import-polyfill": {
            "version": "github:Nashorn/od-import-polyfill#9ceec770b5dda4d5dffb54cd47c8489f79f9198a",
            "from": "github:Nashorn/od-import-polyfill#1.0.0"
        },
        "od-mingo": {
            "version": "github:Nashorn/od-mingo#0085e3a01bf22da5c0e93945ef3dd187e3fb3beb",
            "from": "github:Nashorn/od-mingo#2.2.4"
        },
        "od-observer": {
            "version": "github:Nashorn/od-observer#b22141204c63ecf6a37719eb93ae047d3152abac",
            "from": "github:Nashorn/od-observer#1.0.0"
        },
        "od-paginator": {
            "version": "github:Nashorn/od-paginator#5f9271272d86981adfdeab40c4babe6e36c886c5",
            "from": "github:Nashorn/od-paginator#1.0.0"
        },
        "od-seam": {
            "version": "github:Nashorn/od-seam#0e5eb70aacd923b811b6502f896f08d511990644",
            "from": "github:Nashorn/od-seam#1.0.0",
            "dev": true
        },
        "od-toolset": {
            "version": "github:Nashorn/od-toolset#6a91c4539376f91d48f8ade90cf8abfd73cd169d",
            "from": "github:Nashorn/od-toolset#1.0.0",
            "dev": true
        },
        "od-watcher": {
            "version": "github:Nashorn/od-watcher#f112c360fc9f7de9bf349643504704de23d0c210",
            "from": "github:Nashorn/od-watcher#1.0.0"
        }
    }
}
